
Microsoft Visual Studio Solution File, Format Version 12.00
# Visual Studio Version 16
VisualStudioVersion = 16.0.32228.343
MinimumVisualStudioVersion = 10.0.40219.1
Project("{FAE04EC0-301F-11D3-BF4B-00C04F79EFBC}") = "Practico 2 Ejercicio 6", "Practico 2 Ejercicio 6\Practico 2 Ejercicio 6.csproj", "{3AB49915-5BC2-4D47-9040-81094F5D1E01}"
EndProject
Global
	GlobalSection(SolutionConfigurationPlatforms) = preSolution
		Debug|Any CPU = Debug|Any CPU
		Release|Any CPU = Release|Any CPU
	EndGlobalSection
	GlobalSection(ProjectConfigurationPlatforms) = postSolution
		{3AB49915-5BC2-4D47-9040-81094F5D1E01}.Debug|Any CPU.ActiveCfg = Debug|Any CPU
		{3AB49915-5BC2-4D47-9040-81094F5D1E01}.Debug|Any CPU.Build.0 = Debug|Any CPU
		{3AB49915-5BC2-4D47-9040-81094F5D1E01}.Release|Any CPU.ActiveCfg = Release|Any CPU
		{3AB49915-5BC2-4D47-9040-81094F5D1E01}.Release|Any CPU.Build.0 = Release|Any CPU
	EndGlobalSection
	GlobalSection(SolutionProperties) = preSolution
		HideSolutionNode = FALSE
	EndGlobalSection
	GlobalSection(ExtensibilityGlobals) = postSolution
		SolutionGuid = {52C82675-F1FF-4F46-8644-AE813A8F1EA9}
	EndGlobalSection
EndGlobal
