
Microsoft Visual Studio Solution File, Format Version 12.00
# Visual Studio Version 16
VisualStudioVersion = 16.0.32228.343
MinimumVisualStudioVersion = 10.0.40219.1
Project("{FAE04EC0-301F-11D3-BF4B-00C04F79EFBC}") = "Practico 2 ejercicio 2", "Practico 2 ejercicio 2\Practico 2 ejercicio 2.csproj", "{8327EC91-6318-4E64-8075-8F1D945E50BA}"
EndProject
Global
	GlobalSection(SolutionConfigurationPlatforms) = preSolution
		Debug|Any CPU = Debug|Any CPU
		Release|Any CPU = Release|Any CPU
	EndGlobalSection
	GlobalSection(ProjectConfigurationPlatforms) = postSolution
		{8327EC91-6318-4E64-8075-8F1D945E50BA}.Debug|Any CPU.ActiveCfg = Debug|Any CPU
		{8327EC91-6318-4E64-8075-8F1D945E50BA}.Debug|Any CPU.Build.0 = Debug|Any CPU
		{8327EC91-6318-4E64-8075-8F1D945E50BA}.Release|Any CPU.ActiveCfg = Release|Any CPU
		{8327EC91-6318-4E64-8075-8F1D945E50BA}.Release|Any CPU.Build.0 = Release|Any CPU
	EndGlobalSection
	GlobalSection(SolutionProperties) = preSolution
		HideSolutionNode = FALSE
	EndGlobalSection
	GlobalSection(ExtensibilityGlobals) = postSolution
		SolutionGuid = {D39DD59A-96F7-40B2-9085-18FF1816DD0A}
	EndGlobalSection
EndGlobal
